
Microsoft Visual Studio Solution File, Format Version 12.00
# Visual Studio Version 17
VisualStudioVersion = 17.7.34018.315
MinimumVisualStudioVersion = 10.0.40219.1
Project("{FAE04EC0-301F-11D3-BF4B-00C04F79EFBC}") = "Tienda", "Tienda\Tienda.csproj", "{389B4ABC-A2B0-4861-A11A-49FA5103B67B}"
EndProject
Project("{FAE04EC0-301F-11D3-BF4B-00C04F79EFBC}") = "AccesoDatos", "AccesoDatos\AccesoDatos.csproj", "{E1EF8E75-499C-45BA-ACED-9ABECCE6ED55}"
EndProject
Project("{FAE04EC0-301F-11D3-BF4B-00C04F79EFBC}") = "Manejador", "Manejador\Manejador.csproj", "{031E76CD-1177-4213-B71C-5D9C2F20F9CD}"
EndProject
Global
	GlobalSection(SolutionConfigurationPlatforms) = preSolution
		Debug|Any CPU = Debug|Any CPU
		Release|Any CPU = Release|Any CPU
	EndGlobalSection
	GlobalSection(ProjectConfigurationPlatforms) = postSolution
		{389B4ABC-A2B0-4861-A11A-49FA5103B67B}.Debug|Any CPU.ActiveCfg = Debug|Any CPU
		{389B4ABC-A2B0-4861-A11A-49FA5103B67B}.Debug|Any CPU.Build.0 = Debug|Any CPU
		{389B4ABC-A2B0-4861-A11A-49FA5103B67B}.Release|Any CPU.ActiveCfg = Release|Any CPU
		{389B4ABC-A2B0-4861-A11A-49FA5103B67B}.Release|Any CPU.Build.0 = Release|Any CPU
		{E1EF8E75-499C-45BA-ACED-9ABECCE6ED55}.Debug|Any CPU.ActiveCfg = Debug|Any CPU
		{E1EF8E75-499C-45BA-ACED-9ABECCE6ED55}.Debug|Any CPU.Build.0 = Debug|Any CPU
		{E1EF8E75-499C-45BA-ACED-9ABECCE6ED55}.Release|Any CPU.ActiveCfg = Release|Any CPU
		{E1EF8E75-499C-45BA-ACED-9ABECCE6ED55}.Release|Any CPU.Build.0 = Release|Any CPU
		{031E76CD-1177-4213-B71C-5D9C2F20F9CD}.Debug|Any CPU.ActiveCfg = Debug|Any CPU
		{031E76CD-1177-4213-B71C-5D9C2F20F9CD}.Debug|Any CPU.Build.0 = Debug|Any CPU
		{031E76CD-1177-4213-B71C-5D9C2F20F9CD}.Release|Any CPU.ActiveCfg = Release|Any CPU
		{031E76CD-1177-4213-B71C-5D9C2F20F9CD}.Release|Any CPU.Build.0 = Release|Any CPU
	EndGlobalSection
	GlobalSection(SolutionProperties) = preSolution
		HideSolutionNode = FALSE
	EndGlobalSection
	GlobalSection(ExtensibilityGlobals) = postSolution
		SolutionGuid = {A9923361-494B-42EF-BE0B-5BBA3545BB4B}
	EndGlobalSection
EndGlobal
